# THIS IS AN AUTOGENERATED FILE. DO NOT EDIT THIS FILE DIRECTLY.
# yarn lockfile v1


autosize@^3:
  version "3.0.21"
  resolved "https://registry.yarnpkg.com/autosize/-/autosize-3.0.21.tgz#f182f40d17757d978a139a4c9ca40c4c0e448603"

jquery@>=1.8.0, jquery@^3:
  version "3.2.1"
  resolved "https://registry.yarnpkg.com/jquery/-/jquery-3.2.1.tgz#5c4d9de652af6cd0a770154a631bba12b015c787"

moment@^2:
  version "2.18.1"
  resolved "https://registry.yarnpkg.com/moment/-/moment-2.18.1.tgz#c36193dd3ce1c2eed2adb7c802dbbc77a81b1c0f"

parsleyjs@^2:
  version "2.7.2"
  resolved "https://registry.yarnpkg.com/parsleyjs/-/parsleyjs-2.7.2.tgz#8e64e2a2975ce0455edacc45cb1867d0885fca66"
  dependencies:
    jquery ">=1.8.0"
